// !$*UTF8*$!
{
	archiveVersion = 1;
	classes = {
	};
	objectVersion = 50;
	objects = {

/* Begin PBXBuildFile section */
		C00E38CB20D36B14009B1190 /* AppDelegate.swift in Sources */ = {isa = PBXBuildFile; fileRef = C00E38CA20D36B14009B1190 /* AppDelegate.swift */; };
		C00E38CD20D36B14009B1190 /* ViewController.swift in Sources */ = {isa = PBXBuildFile; fileRef = C00E38CC20D36B14009B1190 /* ViewController.swift */; };
		C00E38D020D36B14009B1190 /* Main.storyboard in Resources */ = {isa = PBXBuildFile; fileRef = C00E38CE20D36B14009B1190 /* Main.storyboard */; };
		C00E38D220D36B16009B1190 /* Assets.xcassets in Resources */ = {isa = PBXBuildFile; fileRef = C00E38D120D36B15009B1190 /* Assets.xcassets */; };
		C00E38D520D36B16009B1190 /* LaunchScreen.storyboard in Resources */ = {isa = PBXBuildFile; fileRef = C00E38D320D36B16009B1190 /* LaunchScreen.storyboard */; };
		C00E38DD20D36B2A009B1190 /* NetworkServer.swift in Sources */ = {isa = PBXBuildFile; fileRef = C00E38DC20D36B2A009B1190 /* NetworkServer.swift */; };
		C00E38E120D36FAB009B1190 /* HDNetworkAPI.swift in Sources */ = {isa = PBXBuildFile; fileRef = C00E38E020D36FAB009B1190 /* HDNetworkAPI.swift */; };
		C00E38E620D370D3009B1190 /* JSONParameterEncoder.swift in Sources */ = {isa = PBXBuildFile; fileRef = C00E38E320D370D3009B1190 /* JSONParameterEncoder.swift */; };
		C00E38E720D370D3009B1190 /* ParameterEncoding.swift in Sources */ = {isa = PBXBuildFile; fileRef = C00E38E420D370D3009B1190 /* ParameterEncoding.swift */; };
		C00E38E820D370D3009B1190 /* URLParameterEncoding.swift in Sources */ = {isa = PBXBuildFile; fileRef = C00E38E520D370D3009B1190 /* URLParameterEncoding.swift */; };
		C00E38EA20D375C5009B1190 /* HDNetworkResultType.swift in Sources */ = {isa = PBXBuildFile; fileRef = C00E38E920D375C5009B1190 /* HDNetworkResultType.swift */; };
		C00E38EC20D37659009B1190 /* HDNetwork.swift in Sources */ = {isa = PBXBuildFile; fileRef = C00E38EB20D37659009B1190 /* HDNetwork.swift */; };
		C00E38EE20D376A5009B1190 /* HDNetworkManager.swift in Sources */ = {isa = PBXBuildFile; fileRef = C00E38ED20D376A5009B1190 /* HDNetworkManager.swift */; };
		C00E38F020D38516009B1190 /* HDNetworkLogger.swift in Sources */ = {isa = PBXBuildFile; fileRef = C00E38EF20D38516009B1190 /* HDNetworkLogger.swift */; };
		C00E38F320D39BF3009B1190 /* HDNetworkCustomer.swift in Sources */ = {isa = PBXBuildFile; fileRef = C00E38F220D39BF3009B1190 /* HDNetworkCustomer.swift */; };
		C00E38F520D39CDB009B1190 /* HDNetworkTest.swift in Sources */ = {isa = PBXBuildFile; fileRef = C00E38F420D39CDB009B1190 /* HDNetworkTest.swift */; };
		C00E38F720D3B90E009B1190 /* HTTPMethod.swift in Sources */ = {isa = PBXBuildFile; fileRef = C00E38F620D3B90E009B1190 /* HTTPMethod.swift */; };
		C00E38F920D3B997009B1190 /* HDNetworkManagerHelper.swift in Sources */ = {isa = PBXBuildFile; fileRef = C00E38F820D3B997009B1190 /* HDNetworkManagerHelper.swift */; };
		C00E38FB20D3B9BD009B1190 /* HDHTTPHeader.swift in Sources */ = {isa = PBXBuildFile; fileRef = C00E38FA20D3B9BD009B1190 /* HDHTTPHeader.swift */; };
		C00E38FD20D3B9E3009B1190 /* HDHTTPTask.swift in Sources */ = {isa = PBXBuildFile; fileRef = C00E38FC20D3B9E3009B1190 /* HDHTTPTask.swift */; };
/* End PBXBuildFile section */

/* Begin PBXFileReference section */
		C00E38C720D36B14009B1190 /* NetworkClient.app */ = {isa = PBXFileReference; explicitFileType = wrapper.application; includeInIndex = 0; path = NetworkClient.app; sourceTree = BUILT_PRODUCTS_DIR; };
		C00E38CA20D36B14009B1190 /* AppDelegate.swift */ = {isa = PBXFileReference; lastKnownFileType = sourcecode.swift; path = AppDelegate.swift; sourceTree = "<group>"; };
		C00E38CC20D36B14009B1190 /* ViewController.swift */ = {isa = PBXFileReference; lastKnownFileType = sourcecode.swift; path = ViewController.swift; sourceTree = "<group>"; };
		C00E38CF20D36B14009B1190 /* Base */ = {isa = PBXFileReference; lastKnownFileType = file.storyboard; name = Base; path = Base.lproj/Main.storyboard; sourceTree = "<group>"; };
		C00E38D120D36B15009B1190 /* Assets.xcassets */ = {isa = PBXFileReference; lastKnownFileType = folder.assetcatalog; path = Assets.xcassets; sourceTree = "<group>"; };
		C00E38D420D36B16009B1190 /* Base */ = {isa = PBXFileReference; lastKnownFileType = file.storyboard; name = Base; path = Base.lproj/LaunchScreen.storyboard; sourceTree = "<group>"; };
		C00E38D620D36B16009B1190 /* Info.plist */ = {isa = PBXFileReference; lastKnownFileType = text.plist.xml; path = Info.plist; sourceTree = "<group>"; };
		C00E38DC20D36B2A009B1190 /* NetworkServer.swift */ = {isa = PBXFileReference; lastKnownFileType = sourcecode.swift; path = NetworkServer.swift; sourceTree = "<group>"; };
		C00E38E020D36FAB009B1190 /* HDNetworkAPI.swift */ = {isa = PBXFileReference; lastKnownFileType = sourcecode.swift; path = HDNetworkAPI.swift; sourceTree = "<group>"; };
		C00E38E320D370D3009B1190 /* JSONParameterEncoder.swift */ = {isa = PBXFileReference; fileEncoding = 4; lastKnownFileType = sourcecode.swift; path = JSONParameterEncoder.swift; sourceTree = "<group>"; };
		C00E38E420D370D3009B1190 /* ParameterEncoding.swift */ = {isa = PBXFileReference; fileEncoding = 4; lastKnownFileType = sourcecode.swift; path = ParameterEncoding.swift; sourceTree = "<group>"; };
		C00E38E520D370D3009B1190 /* URLParameterEncoding.swift */ = {isa = PBXFileReference; fileEncoding = 4; lastKnownFileType = sourcecode.swift; path = URLParameterEncoding.swift; sourceTree = "<group>"; };
		C00E38E920D375C5009B1190 /* HDNetworkResultType.swift */ = {isa = PBXFileReference; lastKnownFileType = sourcecode.swift; path = HDNetworkResultType.swift; sourceTree = "<group>"; };
		C00E38EB20D37659009B1190 /* HDNetwork.swift */ = {isa = PBXFileReference; lastKnownFileType = sourcecode.swift; path = HDNetwork.swift; sourceTree = "<group>"; };
		C00E38ED20D376A5009B1190 /* HDNetworkManager.swift */ = {isa = PBXFileReference; lastKnownFileType = sourcecode.swift; path = HDNetworkManager.swift; sourceTree = "<group>"; };
		C00E38EF20D38516009B1190 /* HDNetworkLogger.swift */ = {isa = PBXFileReference; lastKnownFileType = sourcecode.swift; path = HDNetworkLogger.swift; sourceTree = "<group>"; };
		C00E38F220D39BF3009B1190 /* HDNetworkCustomer.swift */ = {isa = PBXFileReference; lastKnownFileType = sourcecode.swift; path = HDNetworkCustomer.swift; sourceTree = "<group>"; };
		C00E38F420D39CDB009B1190 /* HDNetworkTest.swift */ = {isa = PBXFileReference; lastKnownFileType = sourcecode.swift; path = HDNetworkTest.swift; sourceTree = "<group>"; };
		C00E38F620D3B90E009B1190 /* HTTPMethod.swift */ = {isa = PBXFileReference; lastKnownFileType = sourcecode.swift; path = HTTPMethod.swift; sourceTree = "<group>"; };
		C00E38F820D3B997009B1190 /* HDNetworkManagerHelper.swift */ = {isa = PBXFileReference; lastKnownFileType = sourcecode.swift; path = HDNetworkManagerHelper.swift; sourceTree = "<group>"; };
		C00E38FA20D3B9BD009B1190 /* HDHTTPHeader.swift */ = {isa = PBXFileReference; lastKnownFileType = sourcecode.swift; path = HDHTTPHeader.swift; sourceTree = "<group>"; };
		C00E38FC20D3B9E3009B1190 /* HDHTTPTask.swift */ = {isa = PBXFileReference; lastKnownFileType = sourcecode.swift; path = HDHTTPTask.swift; sourceTree = "<group>"; };
/* End PBXFileReference section */

/* Begin PBXFrameworksBuildPhase section */
		C00E38C420D36B14009B1190 /* Frameworks */ = {
			isa = PBXFrameworksBuildPhase;
			buildActionMask = 2147483647;
			files = (
			);
			runOnlyForDeploymentPostprocessing = 0;
		};
/* End PBXFrameworksBuildPhase section */

/* Begin PBXGroup section */
		C00E38BE20D36B13009B1190 = {
			isa = PBXGroup;
			children = (
				C00E38DE20D36E78009B1190 /* Network */,
				C00E38C920D36B14009B1190 /* NetworkClient */,
				C00E38C820D36B14009B1190 /* Products */,
			);
			sourceTree = "<group>";
		};
		C00E38C820D36B14009B1190 /* Products */ = {
			isa = PBXGroup;
			children = (
				C00E38C720D36B14009B1190 /* NetworkClient.app */,
			);
			name = Products;
			sourceTree = "<group>";
		};
		C00E38C920D36B14009B1190 /* NetworkClient */ = {
			isa = PBXGroup;
			children = (
				C00E38CA20D36B14009B1190 /* AppDelegate.swift */,
				C00E38CC20D36B14009B1190 /* ViewController.swift */,
				C00E38CE20D36B14009B1190 /* Main.storyboard */,
				C00E38D120D36B15009B1190 /* Assets.xcassets */,
				C00E38D320D36B16009B1190 /* LaunchScreen.storyboard */,
				C00E38D620D36B16009B1190 /* Info.plist */,
				C00E38DC20D36B2A009B1190 /* NetworkServer.swift */,
			);
			path = NetworkClient;
			sourceTree = "<group>";
		};
		C00E38DE20D36E78009B1190 /* Network */ = {
			isa = PBXGroup;
			children = (
				C00E38E220D370AE009B1190 /* Encoding */,
				C00E38DF20D36F7C009B1190 /* Base */,
				C00E38F120D39BB6009B1190 /* Business */,
			);
			path = Network;
			sourceTree = "<group>";
		};
		C00E38DF20D36F7C009B1190 /* Base */ = {
			isa = PBXGroup;
			children = (
				C00E38E020D36FAB009B1190 /* HDNetworkAPI.swift */,
				C00E38E920D375C5009B1190 /* HDNetworkResultType.swift */,
				C00E38EB20D37659009B1190 /* HDNetwork.swift */,
				C00E38ED20D376A5009B1190 /* HDNetworkManager.swift */,
				C00E38EF20D38516009B1190 /* HDNetworkLogger.swift */,
				C00E38F620D3B90E009B1190 /* HTTPMethod.swift */,
				C00E38F820D3B997009B1190 /* HDNetworkManagerHelper.swift */,
				C00E38FA20D3B9BD009B1190 /* HDHTTPHeader.swift */,
				C00E38FC20D3B9E3009B1190 /* HDHTTPTask.swift */,
			);
			path = Base;
			sourceTree = "<group>";
		};
		C00E38E220D370AE009B1190 /* Encoding */ = {
			isa = PBXGroup;
			children = (
				C00E38E320D370D3009B1190 /* JSONParameterEncoder.swift */,
				C00E38E420D370D3009B1190 /* ParameterEncoding.swift */,
				C00E38E520D370D3009B1190 /* URLParameterEncoding.swift */,
			);
			path = Encoding;
			sourceTree = "<group>";
		};
		C00E38F120D39BB6009B1190 /* Business */ = {
			isa = PBXGroup;
			children = (
				C00E38F220D39BF3009B1190 /* HDNetworkCustomer.swift */,
				C00E38F420D39CDB009B1190 /* HDNetworkTest.swift */,
			);
			path = Business;
			sourceTree = "<group>";
		};
/* End PBXGroup section */

/* Begin PBXNativeTarget section */
		C00E38C620D36B14009B1190 /* NetworkClient */ = {
			isa = PBXNativeTarget;
			buildConfigurationList = C00E38D920D36B16009B1190 /* Build configuration list for PBXNativeTarget "NetworkClient" */;
			buildPhases = (
				C00E38C320D36B14009B1190 /* Sources */,
				C00E38C420D36B14009B1190 /* Frameworks */,
				C00E38C520D36B14009B1190 /* Resources */,
			);
			buildRules = (
			);
			dependencies = (
			);
			name = NetworkClient;
			productName = NetworkClient;
			productReference = C00E38C720D36B14009B1190 /* NetworkClient.app */;
			productType = "com.apple.product-type.application";
		};
/* End PBXNativeTarget section */

/* Begin PBXProject section */
		C00E38BF20D36B13009B1190 /* Project object */ = {
			isa = PBXProject;
			attributes = {
				LastSwiftUpdateCheck = 0940;
				LastUpgradeCheck = 0940;
				ORGANIZATIONNAME = "HanDong Wang";
				TargetAttributes = {
					C00E38C620D36B14009B1190 = {
						CreatedOnToolsVersion = 9.4;
					};
				};
			};
			buildConfigurationList = C00E38C220D36B13009B1190 /* Build configuration list for PBXProject "NetworkClient" */;
			compatibilityVersion = "Xcode 9.3";
			developmentRegion = en;
			hasScannedForEncodings = 0;
			knownRegions = (
				en,
				Base,
			);
			mainGroup = C00E38BE20D36B13009B1190;
			productRefGroup = C00E38C820D36B14009B1190 /* Products */;
			projectDirPath = "";
			projectRoot = "";
			targets = (
				C00E38C620D36B14009B1190 /* NetworkClient */,
			);
		};
/* End PBXProject section */

/* Begin PBXResourcesBuildPhase section */
		C00E38C520D36B14009B1190 /* Resources */ = {
			isa = PBXResourcesBuildPhase;
			buildActionMask = 2147483647;
			files = (
				C00E38D520D36B16009B1190 /* LaunchScreen.storyboard in Resources */,
				C00E38D220D36B16009B1190 /* Assets.xcassets in Resources */,
				C00E38D020D36B14009B1190 /* Main.storyboard in Resources */,
			);
			runOnlyForDeploymentPostprocessing = 0;
		};
/* End PBXResourcesBuildPhase section */

/* Begin PBXSourcesBuildPhase section */
		C00E38C320D36B14009B1190 /* Sources */ = {
			isa = PBXSourcesBuildPhase;
			buildActionMask = 2147483647;
			files = (
				C00E38E720D370D3009B1190 /* ParameterEncoding.swift in Sources */,
				C00E38E620D370D3009B1190 /* JSONParameterEncoder.swift in Sources */,
				C00E38FD20D3B9E3009B1190 /* HDHTTPTask.swift in Sources */,
				C00E38FB20D3B9BD009B1190 /* HDHTTPHeader.swift in Sources */,
				C00E38F720D3B90E009B1190 /* HTTPMethod.swift in Sources */,
				C00E38EE20D376A5009B1190 /* HDNetworkManager.swift in Sources */,
				C00E38CD20D36B14009B1190 /* ViewController.swift in Sources */,
				C00E38F020D38516009B1190 /* HDNetworkLogger.swift in Sources */,
				C00E38F520D39CDB009B1190 /* HDNetworkTest.swift in Sources */,
				C00E38F920D3B997009B1190 /* HDNetworkManagerHelper.swift in Sources */,
				C00E38EC20D37659009B1190 /* HDNetwork.swift in Sources */,
				C00E38F320D39BF3009B1190 /* HDNetworkCustomer.swift in Sources */,
				C00E38EA20D375C5009B1190 /* HDNetworkResultType.swift in Sources */,
				C00E38E120D36FAB009B1190 /* HDNetworkAPI.swift in Sources */,
				C00E38DD20D36B2A009B1190 /* NetworkServer.swift in Sources */,
				C00E38CB20D36B14009B1190 /* AppDelegate.swift in Sources */,
				C00E38E820D370D3009B1190 /* URLParameterEncoding.swift in Sources */,
			);
			runOnlyForDeploymentPostprocessing = 0;
		};
/* End PBXSourcesBuildPhase section */

/* Begin PBXVariantGroup section */
		C00E38CE20D36B14009B1190 /* Main.storyboard */ = {
			isa = PBXVariantGroup;
			children = (
				C00E38CF20D36B14009B1190 /* Base */,
			);
			name = Main.storyboard;
			sourceTree = "<group>";
		};
		C00E38D320D36B16009B1190 /* LaunchScreen.storyboard */ = {
			isa = PBXVariantGroup;
			children = (
				C00E38D420D36B16009B1190 /* Base */,
			);
			name = LaunchScreen.storyboard;
			sourceTree = "<group>";
		};
/* End PBXVariantGroup section */

/* Begin XCBuildConfiguration section */
		C00E38D720D36B16009B1190 /* Debug */ = {
			isa = XCBuildConfiguration;
			buildSettings = {
				ALWAYS_SEARCH_USER_PATHS = NO;
				CLANG_ANALYZER_NONNULL = YES;
				CLANG_ANALYZER_NUMBER_OBJECT_CONVERSION = YES_AGGRESSIVE;
				CLANG_CXX_LANGUAGE_STANDARD = "gnu++14";
				CLANG_CXX_LIBRARY = "libc++";
				CLANG_ENABLE_MODULES = YES;
				CLANG_ENABLE_OBJC_ARC = YES;
				CLANG_ENABLE_OBJC_WEAK = YES;
				CLANG_WARN_BLOCK_CAPTURE_AUTORELEASING = YES;
				CLANG_WARN_BOOL_CONVERSION = YES;
				CLANG_WARN_COMMA = YES;
				CLANG_WARN_CONSTANT_CONVERSION = YES;
				CLANG_WARN_DEPRECATED_OBJC_IMPLEMENTATIONS = YES;
				CLANG_WARN_DIRECT_OBJC_ISA_USAGE = YES_ERROR;
				CLANG_WARN_DOCUMENTATION_COMMENTS = YES;
				CLANG_WARN_EMPTY_BODY = YES;
				CLANG_WARN_ENUM_CONVERSION = YES;
				CLANG_WARN_INFINITE_RECURSION = YES;
				CLANG_WARN_INT_CONVERSION = YES;
				CLANG_WARN_NON_LITERAL_NULL_CONVERSION = YES;
				CLANG_WARN_OBJC_IMPLICIT_RETAIN_SELF = YES;
				CLANG_WARN_OBJC_LITERAL_CONVERSION = YES;
				CLANG_WARN_OBJC_ROOT_CLASS = YES_ERROR;
				CLANG_WARN_RANGE_LOOP_ANALYSIS = YES;
				CLANG_WARN_STRICT_PROTOTYPES = YES;
				CLANG_WARN_SUSPICIOUS_MOVE = YES;
				CLANG_WARN_UNGUARDED_AVAILABILITY = YES_AGGRESSIVE;
				CLANG_WARN_UNREACHABLE_CODE = YES;
				CLANG_WARN__DUPLICATE_METHOD_MATCH = YES;
				CODE_SIGN_IDENTITY = "iPhone Developer";
				COPY_PHASE_STRIP = NO;
				DEBUG_INFORMATION_FORMAT = dwarf;
				ENABLE_STRICT_OBJC_MSGSEND = YES;
				ENABLE_TESTABILITY = YES;
				GCC_C_LANGUAGE_STANDARD = gnu11;
				GCC_DYNAMIC_NO_PIC = NO;
				GCC_NO_COMMON_BLOCKS = YES;
				GCC_OPTIMIZATION_LEVEL = 0;
				GCC_PREPROCESSOR_DEFINITIONS = (
					"DEBUG=1",
					"$(inherited)",
				);
				GCC_WARN_64_TO_32_BIT_CONVERSION = YES;
				GCC_WARN_ABOUT_RETURN_TYPE = YES_ERROR;
				GCC_WARN_UNDECLARED_SELECTOR = YES;
				GCC_WARN_UNINITIALIZED_AUTOS = YES_AGGRESSIVE;
				GCC_WARN_UNUSED_FUNCTION = YES;
				GCC_WARN_UNUSED_VARIABLE = YES;
				IPHONEOS_DEPLOYMENT_TARGET = 11.4;
				MTL_ENABLE_DEBUG_INFO = YES;
				ONLY_ACTIVE_ARCH = YES;
				SDKROOT = iphoneos;
				SWIFT_ACTIVE_COMPILATION_CONDITIONS = DEBUG;
				SWIFT_OPTIMIZATION_LEVEL = "-Onone";
			};
			name = Debug;
		};
		C00E38D820D36B16009B1190 /* Release */ = {
			isa = XCBuildConfiguration;
			buildSettings = {
				ALWAYS_SEARCH_USER_PATHS = NO;
				CLANG_ANALYZER_NONNULL = YES;
				CLANG_ANALYZER_NUMBER_OBJECT_CONVERSION = YES_AGGRESSIVE;
				CLANG_CXX_LANGUAGE_STANDARD = "gnu++14";
				CLANG_CXX_LIBRARY = "libc++";
				CLANG_ENABLE_MODULES = YES;
				CLANG_ENABLE_OBJC_ARC = YES;
				CLANG_ENABLE_OBJC_WEAK = YES;
				CLANG_WARN_BLOCK_CAPTURE_AUTORELEASING = YES;
				CLANG_WARN_BOOL_CONVERSION = YES;
				CLANG_WARN_COMMA = YES;
				CLANG_WARN_CONSTANT_CONVERSION = YES;
				CLANG_WARN_DEPRECATED_OBJC_IMPLEMENTATIONS = YES;
				CLANG_WARN_DIRECT_OBJC_ISA_USAGE = YES_ERROR;
				CLANG_WARN_DOCUMENTATION_COMMENTS = YES;
				CLANG_WARN_EMPTY_BODY = YES;
				CLANG_WARN_ENUM_CONVERSION = YES;
				CLANG_WARN_INFINITE_RECURSION = YES;
				CLANG_WARN_INT_CONVERSION = YES;
				CLANG_WARN_NON_LITERAL_NULL_CONVERSION = YES;
				CLANG_WARN_OBJC_IMPLICIT_RETAIN_SELF = YES;
				CLANG_WARN_OBJC_LITERAL_CONVERSION = YES;
				CLANG_WARN_OBJC_ROOT_CLASS = YES_ERROR;
				CLANG_WARN_RANGE_LOOP_ANALYSIS = YES;
				CLANG_WARN_STRICT_PROTOTYPES = YES;
				CLANG_WARN_SUSPICIOUS_MOVE = YES;
				CLANG_WARN_UNGUARDED_AVAILABILITY = YES_AGGRESSIVE;
				CLANG_WARN_UNREACHABLE_CODE = YES;
				CLANG_WARN__DUPLICATE_METHOD_MATCH = YES;
				CODE_SIGN_IDENTITY = "iPhone Developer";
				COPY_PHASE_STRIP = NO;
				DEBUG_INFORMATION_FORMAT = "dwarf-with-dsym";
				ENABLE_NS_ASSERTIONS = NO;
				ENABLE_STRICT_OBJC_MSGSEND = YES;
				GCC_C_LANGUAGE_STANDARD = gnu11;
				GCC_NO_COMMON_BLOCKS = YES;
				GCC_WARN_64_TO_32_BIT_CONVERSION = YES;
				GCC_WARN_ABOUT_RETURN_TYPE = YES_ERROR;
				GCC_WARN_UNDECLARED_SELECTOR = YES;
				GCC_WARN_UNINITIALIZED_AUTOS = YES_AGGRESSIVE;
				GCC_WARN_UNUSED_FUNCTION = YES;
				GCC_WARN_UNUSED_VARIABLE = YES;
				IPHONEOS_DEPLOYMENT_TARGET = 11.4;
				MTL_ENABLE_DEBUG_INFO = NO;
				SDKROOT = iphoneos;
				SWIFT_COMPILATION_MODE = wholemodule;
				SWIFT_OPTIMIZATION_LEVEL = "-O";
				VALIDATE_PRODUCT = YES;
			};
			name = Release;
		};
		C00E38DA20D36B16009B1190 /* Debug */ = {
			isa = XCBuildConfiguration;
			buildSettings = {
				ASSETCATALOG_COMPILER_APPICON_NAME = AppIcon;
				CODE_SIGN_STYLE = Automatic;
				DEVELOPMENT_TEAM = MN863V35DU;
				INFOPLIST_FILE = NetworkClient/Info.plist;
				LD_RUNPATH_SEARCH_PATHS = (
					"$(inherited)",
					"@executable_path/Frameworks",
				);
				PRODUCT_BUNDLE_IDENTIFIER = com.chiery.NetworkClient;
				PRODUCT_NAME = "$(TARGET_NAME)";
				SWIFT_VERSION = 4.0;
				TARGETED_DEVICE_FAMILY = "1,2";
			};
			name = Debug;
		};
		C00E38DB20D36B16009B1190 /* Release */ = {
			isa = XCBuildConfiguration;
			buildSettings = {
				ASSETCATALOG_COMPILER_APPICON_NAME = AppIcon;
				CODE_SIGN_STYLE = Automatic;
				DEVELOPMENT_TEAM = MN863V35DU;
				INFOPLIST_FILE = NetworkClient/Info.plist;
				LD_RUNPATH_SEARCH_PATHS = (
					"$(inherited)",
					"@executable_path/Frameworks",
				);
				PRODUCT_BUNDLE_IDENTIFIER = com.chiery.NetworkClient;
				PRODUCT_NAME = "$(TARGET_NAME)";
				SWIFT_VERSION = 4.0;
				TARGETED_DEVICE_FAMILY = "1,2";
			};
			name = Release;
		};
/* End XCBuildConfiguration section */

/* Begin XCConfigurationList section */
		C00E38C220D36B13009B1190 /* Build configuration list for PBXProject "NetworkClient" */ = {
			isa = XCConfigurationList;
			buildConfigurations = (
				C00E38D720D36B16009B1190 /* Debug */,
				C00E38D820D36B16009B1190 /* Release */,
			);
			defaultConfigurationIsVisible = 0;
			defaultConfigurationName = Release;
		};
		C00E38D920D36B16009B1190 /* Build configuration list for PBXNativeTarget "NetworkClient" */ = {
			isa = XCConfigurationList;
			buildConfigurations = (
				C00E38DA20D36B16009B1190 /* Debug */,
				C00E38DB20D36B16009B1190 /* Release */,
			);
			defaultConfigurationIsVisible = 0;
			defaultConfigurationName = Release;
		};
/* End XCConfigurationList section */
	};
	rootObject = C00E38BF20D36B13009B1190 /* Project object */;
}
